// !$*UTF8*$!
{
	archiveVersion = 1;
	classes = {
	};
	objectVersion = 50;
	objects = {

/* Begin PBXBuildFile section */
		A7C6969921021E0D00058057 /* AppDelegate.swift in Sources */ = {isa = PBXBuildFile; fileRef = A7C6969821021E0D00058057 /* AppDelegate.swift */; };
		A7C6969B21021E0D00058057 /* ViewController.swift in Sources */ = {isa = PBXBuildFile; fileRef = A7C6969A21021E0D00058057 /* ViewController.swift */; };
		A7C6969E21021E0D00058057 /* Main.storyboard in Resources */ = {isa = PBXBuildFile; fileRef = A7C6969C21021E0D00058057 /* Main.storyboard */; };
		A7C696A021021E0F00058057 /* Assets.xcassets in Resources */ = {isa = PBXBuildFile; fileRef = A7C6969F21021E0F00058057 /* Assets.xcassets */; };
		A7C696A321021E0F00058057 /* LaunchScreen.storyboard in Resources */ = {isa = PBXBuildFile; fileRef = A7C696A121021E0F00058057 /* LaunchScreen.storyboard */; };
		A7C696AB21021E1F00058057 /* ProgressViewPresentableDelegate.swift in Sources */ = {isa = PBXBuildFile; fileRef = A7C696AA21021E1F00058057 /* ProgressViewPresentableDelegate.swift */; };
/* End PBXBuildFile section */

/* Begin PBXFileReference section */
		A7C6969521021E0D00058057 /* JDProgressView.app */ = {isa = PBXFileReference; explicitFileType = wrapper.application; includeInIndex = 0; path = JDProgressView.app; sourceTree = BUILT_PRODUCTS_DIR; };
		A7C6969821021E0D00058057 /* AppDelegate.swift */ = {isa = PBXFileReference; lastKnownFileType = sourcecode.swift; path = AppDelegate.swift; sourceTree = "<group>"; };
		A7C6969A21021E0D00058057 /* ViewController.swift */ = {isa = PBXFileReference; lastKnownFileType = sourcecode.swift; path = ViewController.swift; sourceTree = "<group>"; };
		A7C6969D21021E0D00058057 /* Base */ = {isa = PBXFileReference; lastKnownFileType = file.storyboard; name = Base; path = Base.lproj/Main.storyboard; sourceTree = "<group>"; };
		A7C6969F21021E0F00058057 /* Assets.xcassets */ = {isa = PBXFileReference; lastKnownFileType = folder.assetcatalog; path = Assets.xcassets; sourceTree = "<group>"; };
		A7C696A221021E0F00058057 /* Base */ = {isa = PBXFileReference; lastKnownFileType = file.storyboard; name = Base; path = Base.lproj/LaunchScreen.storyboard; sourceTree = "<group>"; };
		A7C696A421021E0F00058057 /* Info.plist */ = {isa = PBXFileReference; lastKnownFileType = text.plist.xml; path = Info.plist; sourceTree = "<group>"; };
		A7C696AA21021E1F00058057 /* ProgressViewPresentableDelegate.swift */ = {isa = PBXFileReference; fileEncoding = 4; lastKnownFileType = sourcecode.swift; name = ProgressViewPresentableDelegate.swift; path = ../Source/ProgressViewPresentableDelegate.swift; sourceTree = "<group>"; };
/* End PBXFileReference section */

/* Begin PBXFrameworksBuildPhase section */
		A7C6969221021E0D00058057 /* Frameworks */ = {
			isa = PBXFrameworksBuildPhase;
			buildActionMask = 2147483647;
			files = (
			);
			runOnlyForDeploymentPostprocessing = 0;
		};
/* End PBXFrameworksBuildPhase section */

/* Begin PBXGroup section */
		A7C6968C21021E0D00058057 = {
			isa = PBXGroup;
			children = (
				A7C6969721021E0D00058057 /* TempProgressView */,
				A7C6969621021E0D00058057 /* Products */,
			);
			sourceTree = "<group>";
		};
		A7C6969621021E0D00058057 /* Products */ = {
			isa = PBXGroup;
			children = (
				A7C6969521021E0D00058057 /* JDProgressView.app */,
			);
			name = Products;
			sourceTree = "<group>";
		};
		A7C6969721021E0D00058057 /* TempProgressView */ = {
			isa = PBXGroup;
			children = (
				A7C696AA21021E1F00058057 /* ProgressViewPresentableDelegate.swift */,
				A7C6969821021E0D00058057 /* AppDelegate.swift */,
				A7C6969A21021E0D00058057 /* ViewController.swift */,
				A7C6969C21021E0D00058057 /* Main.storyboard */,
				A7C6969F21021E0F00058057 /* Assets.xcassets */,
				A7C696A121021E0F00058057 /* LaunchScreen.storyboard */,
				A7C696A421021E0F00058057 /* Info.plist */,
			);
			path = TempProgressView;
			sourceTree = "<group>";
		};
/* End PBXGroup section */

/* Begin PBXNativeTarget section */
		A7C6969421021E0D00058057 /* JDProgressView */ = {
			isa = PBXNativeTarget;
			buildConfigurationList = A7C696A721021E0F00058057 /* Build configuration list for PBXNativeTarget "JDProgressView" */;
			buildPhases = (
				A7C6969121021E0D00058057 /* Sources */,
				A7C6969221021E0D00058057 /* Frameworks */,
				A7C6969321021E0D00058057 /* Resources */,
			);
			buildRules = (
			);
			dependencies = (
			);
			name = JDProgressView;
			productName = TempProgressView;
			productReference = A7C6969521021E0D00058057 /* JDProgressView.app */;
			productType = "com.apple.product-type.application";
		};
/* End PBXNativeTarget section */

/* Begin PBXProject section */
		A7C6968D21021E0D00058057 /* Project object */ = {
			isa = PBXProject;
			attributes = {
				LastSwiftUpdateCheck = 0940;
				LastUpgradeCheck = 0940;
				ORGANIZATIONNAME = "Jitendra Deore";
				TargetAttributes = {
					A7C6969421021E0D00058057 = {
						CreatedOnToolsVersion = 9.4;
					};
				};
			};
			buildConfigurationList = A7C6969021021E0D00058057 /* Build configuration list for PBXProject "JDProgressView" */;
			compatibilityVersion = "Xcode 9.3";
			developmentRegion = en;
			hasScannedForEncodings = 0;
			knownRegions = (
				en,
				Base,
			);
			mainGroup = A7C6968C21021E0D00058057;
			productRefGroup = A7C6969621021E0D00058057 /* Products */;
			projectDirPath = "";
			projectRoot = "";
			targets = (
				A7C6969421021E0D00058057 /* JDProgressView */,
			);
		};
/* End PBXProject section */

/* Begin PBXResourcesBuildPhase section */
		A7C6969321021E0D00058057 /* Resources */ = {
			isa = PBXResourcesBuildPhase;
			buildActionMask = 2147483647;
			files = (
				A7C696A321021E0F00058057 /* LaunchScreen.storyboard in Resources */,
				A7C696A021021E0F00058057 /* Assets.xcassets in Resources */,
				A7C6969E21021E0D00058057 /* Main.storyboard in Resources */,
			);
			runOnlyForDeploymentPostprocessing = 0;
		};
/* End PBXResourcesBuildPhase section */

/* Begin PBXSourcesBuildPhase section */
		A7C6969121021E0D00058057 /* Sources */ = {
			isa = PBXSourcesBuildPhase;
			buildActionMask = 2147483647;
			files = (
				A7C696AB21021E1F00058057 /* ProgressViewPresentableDelegate.swift in Sources */,
				A7C6969B21021E0D00058057 /* ViewController.swift in Sources */,
				A7C6969921021E0D00058057 /* AppDelegate.swift in Sources */,
			);
			runOnlyForDeploymentPostprocessing = 0;
		};
/* End PBXSourcesBuildPhase section */

/* Begin PBXVariantGroup section */
		A7C6969C21021E0D00058057 /* Main.storyboard */ = {
			isa = PBXVariantGroup;
			children = (
				A7C6969D21021E0D00058057 /* Base */,
			);
			name = Main.storyboard;
			sourceTree = "<group>";
		};
		A7C696A121021E0F00058057 /* LaunchScreen.storyboard */ = {
			isa = PBXVariantGroup;
			children = (
				A7C696A221021E0F00058057 /* Base */,
			);
			name = LaunchScreen.storyboard;
			sourceTree = "<group>";
		};
/* End PBXVariantGroup section */

/* Begin XCBuildConfiguration section */
		A7C696A521021E0F00058057 /* Debug */ = {
			isa = XCBuildConfiguration;
			buildSettings = {
				ALWAYS_SEARCH_USER_PATHS = NO;
				CLANG_ANALYZER_NONNULL = YES;
				CLANG_ANALYZER_NUMBER_OBJECT_CONVERSION = YES_AGGRESSIVE;
				CLANG_CXX_LANGUAGE_STANDARD = "gnu++14";
				CLANG_CXX_LIBRARY = "libc++";
				CLANG_ENABLE_MODULES = YES;
				CLANG_ENABLE_OBJC_ARC = YES;
				CLANG_ENABLE_OBJC_WEAK = YES;
				CLANG_WARN_BLOCK_CAPTURE_AUTORELEASING = YES;
				CLANG_WARN_BOOL_CONVERSION = YES;
				CLANG_WARN_COMMA = YES;
				CLANG_WARN_CONSTANT_CONVERSION = YES;
				CLANG_WARN_DEPRECATED_OBJC_IMPLEMENTATIONS = YES;
				CLANG_WARN_DIRECT_OBJC_ISA_USAGE = YES_ERROR;
				CLANG_WARN_DOCUMENTATION_COMMENTS = YES;
				CLANG_WARN_EMPTY_BODY = YES;
				CLANG_WARN_ENUM_CONVERSION = YES;
				CLANG_WARN_INFINITE_RECURSION = YES;
				CLANG_WARN_INT_CONVERSION = YES;
				CLANG_WARN_NON_LITERAL_NULL_CONVERSION = YES;
				CLANG_WARN_OBJC_IMPLICIT_RETAIN_SELF = YES;
				CLANG_WARN_OBJC_LITERAL_CONVERSION = YES;
				CLANG_WARN_OBJC_ROOT_CLASS = YES_ERROR;
				CLANG_WARN_RANGE_LOOP_ANALYSIS = YES;
				CLANG_WARN_STRICT_PROTOTYPES = YES;
				CLANG_WARN_SUSPICIOUS_MOVE = YES;
				CLANG_WARN_UNGUARDED_AVAILABILITY = YES_AGGRESSIVE;
				CLANG_WARN_UNREACHABLE_CODE = YES;
				CLANG_WARN__DUPLICATE_METHOD_MATCH = YES;
				CODE_SIGN_IDENTITY = "iPhone Developer";
				COPY_PHASE_STRIP = NO;
				DEBUG_INFORMATION_FORMAT = dwarf;
				ENABLE_STRICT_OBJC_MSGSEND = YES;
				ENABLE_TESTABILITY = YES;
				GCC_C_LANGUAGE_STANDARD = gnu11;
				GCC_DYNAMIC_NO_PIC = NO;
				GCC_NO_COMMON_BLOCKS = YES;
				GCC_OPTIMIZATION_LEVEL = 0;
				GCC_PREPROCESSOR_DEFINITIONS = (
					"DEBUG=1",
					"$(inherited)",
				);
				GCC_WARN_64_TO_32_BIT_CONVERSION = YES;
				GCC_WARN_ABOUT_RETURN_TYPE = YES_ERROR;
				GCC_WARN_UNDECLARED_SELECTOR = YES;
				GCC_WARN_UNINITIALIZED_AUTOS = YES_AGGRESSIVE;
				GCC_WARN_UNUSED_FUNCTION = YES;
				GCC_WARN_UNUSED_VARIABLE = YES;
				IPHONEOS_DEPLOYMENT_TARGET = 11.4;
				MTL_ENABLE_DEBUG_INFO = YES;
				ONLY_ACTIVE_ARCH = YES;
				SDKROOT = iphoneos;
				SWIFT_ACTIVE_COMPILATION_CONDITIONS = DEBUG;
				SWIFT_OPTIMIZATION_LEVEL = "-Onone";
			};
			name = Debug;
		};
		A7C696A621021E0F00058057 /* Release */ = {
			isa = XCBuildConfiguration;
			buildSettings = {
				ALWAYS_SEARCH_USER_PATHS = NO;
				CLANG_ANALYZER_NONNULL = YES;
				CLANG_ANALYZER_NUMBER_OBJECT_CONVERSION = YES_AGGRESSIVE;
				CLANG_CXX_LANGUAGE_STANDARD = "gnu++14";
				CLANG_CXX_LIBRARY = "libc++";
				CLANG_ENABLE_MODULES = YES;
				CLANG_ENABLE_OBJC_ARC = YES;
				CLANG_ENABLE_OBJC_WEAK = YES;
				CLANG_WARN_BLOCK_CAPTURE_AUTORELEASING = YES;
				CLANG_WARN_BOOL_CONVERSION = YES;
				CLANG_WARN_COMMA = YES;
				CLANG_WARN_CONSTANT_CONVERSION = YES;
				CLANG_WARN_DEPRECATED_OBJC_IMPLEMENTATIONS = YES;
				CLANG_WARN_DIRECT_OBJC_ISA_USAGE = YES_ERROR;
				CLANG_WARN_DOCUMENTATION_COMMENTS = YES;
				CLANG_WARN_EMPTY_BODY = YES;
				CLANG_WARN_ENUM_CONVERSION = YES;
				CLANG_WARN_INFINITE_RECURSION = YES;
				CLANG_WARN_INT_CONVERSION = YES;
				CLANG_WARN_NON_LITERAL_NULL_CONVERSION = YES;
				CLANG_WARN_OBJC_IMPLICIT_RETAIN_SELF = YES;
				CLANG_WARN_OBJC_LITERAL_CONVERSION = YES;
				CLANG_WARN_OBJC_ROOT_CLASS = YES_ERROR;
				CLANG_WARN_RANGE_LOOP_ANALYSIS = YES;
				CLANG_WARN_STRICT_PROTOTYPES = YES;
				CLANG_WARN_SUSPICIOUS_MOVE = YES;
				CLANG_WARN_UNGUARDED_AVAILABILITY = YES_AGGRESSIVE;
				CLANG_WARN_UNREACHABLE_CODE = YES;
				CLANG_WARN__DUPLICATE_METHOD_MATCH = YES;
				CODE_SIGN_IDENTITY = "iPhone Developer";
				COPY_PHASE_STRIP = NO;
				DEBUG_INFORMATION_FORMAT = "dwarf-with-dsym";
				ENABLE_NS_ASSERTIONS = NO;
				ENABLE_STRICT_OBJC_MSGSEND = YES;
				GCC_C_LANGUAGE_STANDARD = gnu11;
				GCC_NO_COMMON_BLOCKS = YES;
				GCC_WARN_64_TO_32_BIT_CONVERSION = YES;
				GCC_WARN_ABOUT_RETURN_TYPE = YES_ERROR;
				GCC_WARN_UNDECLARED_SELECTOR = YES;
				GCC_WARN_UNINITIALIZED_AUTOS = YES_AGGRESSIVE;
				GCC_WARN_UNUSED_FUNCTION = YES;
				GCC_WARN_UNUSED_VARIABLE = YES;
				IPHONEOS_DEPLOYMENT_TARGET = 11.4;
				MTL_ENABLE_DEBUG_INFO = NO;
				SDKROOT = iphoneos;
				SWIFT_COMPILATION_MODE = wholemodule;
				SWIFT_OPTIMIZATION_LEVEL = "-O";
				VALIDATE_PRODUCT = YES;
			};
			name = Release;
		};
		A7C696A821021E0F00058057 /* Debug */ = {
			isa = XCBuildConfiguration;
			buildSettings = {
				ASSETCATALOG_COMPILER_APPICON_NAME = AppIcon;
				CODE_SIGN_STYLE = Automatic;
				DEVELOPMENT_TEAM = KZRGFF6PB7;
				INFOPLIST_FILE = TempProgressView/Info.plist;
				LD_RUNPATH_SEARCH_PATHS = (
					"$(inherited)",
					"@executable_path/Frameworks",
				);
				PRODUCT_BUNDLE_IDENTIFIER = com.demo.TempProgressView;
				PRODUCT_NAME = "$(TARGET_NAME)";
				SWIFT_VERSION = 4.0;
				TARGETED_DEVICE_FAMILY = "1,2";
			};
			name = Debug;
		};
		A7C696A921021E0F00058057 /* Release */ = {
			isa = XCBuildConfiguration;
			buildSettings = {
				ASSETCATALOG_COMPILER_APPICON_NAME = AppIcon;
				CODE_SIGN_STYLE = Automatic;
				DEVELOPMENT_TEAM = KZRGFF6PB7;
				INFOPLIST_FILE = TempProgressView/Info.plist;
				LD_RUNPATH_SEARCH_PATHS = (
					"$(inherited)",
					"@executable_path/Frameworks",
				);
				PRODUCT_BUNDLE_IDENTIFIER = com.demo.TempProgressView;
				PRODUCT_NAME = "$(TARGET_NAME)";
				SWIFT_VERSION = 4.0;
				TARGETED_DEVICE_FAMILY = "1,2";
			};
			name = Release;
		};
/* End XCBuildConfiguration section */

/* Begin XCConfigurationList section */
		A7C6969021021E0D00058057 /* Build configuration list for PBXProject "JDProgressView" */ = {
			isa = XCConfigurationList;
			buildConfigurations = (
				A7C696A521021E0F00058057 /* Debug */,
				A7C696A621021E0F00058057 /* Release */,
			);
			defaultConfigurationIsVisible = 0;
			defaultConfigurationName = Release;
		};
		A7C696A721021E0F00058057 /* Build configuration list for PBXNativeTarget "JDProgressView" */ = {
			isa = XCConfigurationList;
			buildConfigurations = (
				A7C696A821021E0F00058057 /* Debug */,
				A7C696A921021E0F00058057 /* Release */,
			);
			defaultConfigurationIsVisible = 0;
			defaultConfigurationName = Release;
		};
/* End XCConfigurationList section */
	};
	rootObject = A7C6968D21021E0D00058057 /* Project object */;
}
